// !$*UTF8*$!
{
	archiveVersion = 1;
	classes = {
	};
	objectVersion = 46;
	objects = {

/* Begin PBXBuildFile section */
		07A305BE1D49575D00158E01 /* AppDelegate.swift in Sources */ = {isa = PBXBuildFile; fileRef = 07A305BD1D49575D00158E01 /* AppDelegate.swift */; };
		07A305C01D49575D00158E01 /* ViewController.swift in Sources */ = {isa = PBXBuildFile; fileRef = 07A305BF1D49575D00158E01 /* ViewController.swift */; };
		07A305C31D49575D00158E01 /* Main.storyboard in Resources */ = {isa = PBXBuildFile; fileRef = 07A305C11D49575D00158E01 /* Main.storyboard */; };
		07A305C51D49575D00158E01 /* Assets.xcassets in Resources */ = {isa = PBXBuildFile; fileRef = 07A305C41D49575D00158E01 /* Assets.xcassets */; };
		07A305C81D49575D00158E01 /* LaunchScreen.storyboard in Resources */ = {isa = PBXBuildFile; fileRef = 07A305C61D49575D00158E01 /* LaunchScreen.storyboard */; };
/* End PBXBuildFile section */

/* Begin PBXFileReference section */
		07A305BA1D49575D00158E01 /* PGAC.app */ = {isa = PBXFileReference; explicitFileType = wrapper.application; includeInIndex = 0; path = PGAC.app; sourceTree = BUILT_PRODUCTS_DIR; };
		07A305BD1D49575D00158E01 /* AppDelegate.swift */ = {isa = PBXFileReference; lastKnownFileType = sourcecode.swift; path = AppDelegate.swift; sourceTree = "<group>"; };
		07A305BF1D49575D00158E01 /* ViewController.swift */ = {isa = PBXFileReference; lastKnownFileType = sourcecode.swift; path = ViewController.swift; sourceTree = "<group>"; };
		07A305C21D49575D00158E01 /* Base */ = {isa = PBXFileReference; lastKnownFileType = file.storyboard; name = Base; path = Base.lproj/Main.storyboard; sourceTree = "<group>"; };
		07A305C41D49575D00158E01 /* Assets.xcassets */ = {isa = PBXFileReference; lastKnownFileType = folder.assetcatalog; path = Assets.xcassets; sourceTree = "<group>"; };
		07A305C71D49575D00158E01 /* Base */ = {isa = PBXFileReference; lastKnownFileType = file.storyboard; name = Base; path = Base.lproj/LaunchScreen.storyboard; sourceTree = "<group>"; };
		07A305C91D49575D00158E01 /* Info.plist */ = {isa = PBXFileReference; lastKnownFileType = text.plist.xml; path = Info.plist; sourceTree = "<group>"; };
/* End PBXFileReference section */

/* Begin PBXFrameworksBuildPhase section */
		07A305B71D49575D00158E01 /* Frameworks */ = {
			isa = PBXFrameworksBuildPhase;
			buildActionMask = 2147483647;
			files = (
			);
			runOnlyForDeploymentPostprocessing = 0;
		};
/* End PBXFrameworksBuildPhase section */

/* Begin PBXGroup section */
		07A305B11D49575D00158E01 = {
			isa = PBXGroup;
			children = (
				07A305BC1D49575D00158E01 /* PGAC */,
				07A305BB1D49575D00158E01 /* Products */,
			);
			sourceTree = "<group>";
		};
		07A305BB1D49575D00158E01 /* Products */ = {
			isa = PBXGroup;
			children = (
				07A305BA1D49575D00158E01 /* PGAC.app */,
			);
			name = Products;
			sourceTree = "<group>";
		};
		07A305BC1D49575D00158E01 /* PGAC */ = {
			isa = PBXGroup;
			children = (
				07A305BD1D49575D00158E01 /* AppDelegate.swift */,
				07A305BF1D49575D00158E01 /* ViewController.swift */,
				07A305C11D49575D00158E01 /* Main.storyboard */,
				07A305C41D49575D00158E01 /* Assets.xcassets */,
				07A305C61D49575D00158E01 /* LaunchScreen.storyboard */,
				07A305C91D49575D00158E01 /* Info.plist */,
			);
			path = PGAC;
			sourceTree = "<group>";
		};
/* End PBXGroup section */

/* Begin PBXNativeTarget section */
		07A305B91D49575D00158E01 /* PGAC */ = {
			isa = PBXNativeTarget;
			buildConfigurationList = 07A305CC1D49575D00158E01 /* Build configuration list for PBXNativeTarget "PGAC" */;
			buildPhases = (
				07A305B61D49575D00158E01 /* Sources */,
				07A305B71D49575D00158E01 /* Frameworks */,
				07A305B81D49575D00158E01 /* Resources */,
			);
			buildRules = (
			);
			dependencies = (
			);
			name = PGAC;
			productName = PGAC;
			productReference = 07A305BA1D49575D00158E01 /* PGAC.app */;
			productType = "com.apple.product-type.application";
		};
/* End PBXNativeTarget section */

/* Begin PBXProject section */
		07A305B21D49575D00158E01 /* Project object */ = {
			isa = PBXProject;
			attributes = {
				LastSwiftUpdateCheck = 0730;
				LastUpgradeCheck = 0730;
				ORGANIZATIONNAME = "Carlos Restrepo";
				TargetAttributes = {
					07A305B91D49575D00158E01 = {
						CreatedOnToolsVersion = 7.3.1;
					};
				};
			};
			buildConfigurationList = 07A305B51D49575D00158E01 /* Build configuration list for PBXProject "PGAC" */;
			compatibilityVersion = "Xcode 3.2";
			developmentRegion = English;
			hasScannedForEncodings = 0;
			knownRegions = (
				en,
				Base,
			);
			mainGroup = 07A305B11D49575D00158E01;
			productRefGroup = 07A305BB1D49575D00158E01 /* Products */;
			projectDirPath = "";
			projectRoot = "";
			targets = (
				07A305B91D49575D00158E01 /* PGAC */,
			);
		};
/* End PBXProject section */

/* Begin PBXResourcesBuildPhase section */
		07A305B81D49575D00158E01 /* Resources */ = {
			isa = PBXResourcesBuildPhase;
			buildActionMask = 2147483647;
			files = (
				07A305C81D49575D00158E01 /* LaunchScreen.storyboard in Resources */,
				07A305C51D49575D00158E01 /* Assets.xcassets in Resources */,
				07A305C31D49575D00158E01 /* Main.storyboard in Resources */,
			);
			runOnlyForDeploymentPostprocessing = 0;
		};
/* End PBXResourcesBuildPhase section */

/* Begin PBXSourcesBuildPhase section */
		07A305B61D49575D00158E01 /* Sources */ = {
			isa = PBXSourcesBuildPhase;
			buildActionMask = 2147483647;
			files = (
				07A305C01D49575D00158E01 /* ViewController.swift in Sources */,
				07A305BE1D49575D00158E01 /* AppDelegate.swift in Sources */,
			);
			runOnlyForDeploymentPostprocessing = 0;
		};
/* End PBXSourcesBuildPhase section */

/* Begin PBXVariantGroup section */
		07A305C11D49575D00158E01 /* Main.storyboard */ = {
			isa = PBXVariantGroup;
			children = (
				07A305C21D49575D00158E01 /* Base */,
			);
			name = Main.storyboard;
			sourceTree = "<group>";
		};
		07A305C61D49575D00158E01 /* LaunchScreen.storyboard */ = {
			isa = PBXVariantGroup;
			children = (
				07A305C71D49575D00158E01 /* Base */,
			);
			name = LaunchScreen.storyboard;
			sourceTree = "<group>";
		};
/* End PBXVariantGroup section */

/* Begin XCBuildConfiguration section */
		07A305CA1D49575D00158E01 /* Debug */ = {
			isa = XCBuildConfiguration;
			buildSettings = {
				ALWAYS_SEARCH_USER_PATHS = NO;
				CLANG_ANALYZER_NONNULL = YES;
				CLANG_CXX_LANGUAGE_STANDARD = "gnu++0x";
				CLANG_CXX_LIBRARY = "libc++";
				CLANG_ENABLE_MODULES = YES;
				CLANG_ENABLE_OBJC_ARC = YES;
				CLANG_WARN_BOOL_CONVERSION = YES;
				CLANG_WARN_CONSTANT_CONVERSION = YES;
				CLANG_WARN_DIRECT_OBJC_ISA_USAGE = YES_ERROR;
				CLANG_WARN_EMPTY_BODY = YES;
				CLANG_WARN_ENUM_CONVERSION = YES;
				CLANG_WARN_INT_CONVERSION = YES;
				CLANG_WARN_OBJC_ROOT_CLASS = YES_ERROR;
				CLANG_WARN_UNREACHABLE_CODE = YES;
				CLANG_WARN__DUPLICATE_METHOD_MATCH = YES;
				"CODE_SIGN_IDENTITY[sdk=iphoneos*]" = "iPhone Developer";
				COPY_PHASE_STRIP = NO;
				DEBUG_INFORMATION_FORMAT = dwarf;
				ENABLE_STRICT_OBJC_MSGSEND = YES;
				ENABLE_TESTABILITY = YES;
				GCC_C_LANGUAGE_STANDARD = gnu99;
				GCC_DYNAMIC_NO_PIC = NO;
				GCC_NO_COMMON_BLOCKS = YES;
				GCC_OPTIMIZATION_LEVEL = 0;
				GCC_PREPROCESSOR_DEFINITIONS = (
					"DEBUG=1",
					"$(inherited)",
				);
				GCC_WARN_64_TO_32_BIT_CONVERSION = YES;
				GCC_WARN_ABOUT_RETURN_TYPE = YES_ERROR;
				GCC_WARN_UNDECLARED_SELECTOR = YES;
				GCC_WARN_UNINITIALIZED_AUTOS = YES_AGGRESSIVE;
				GCC_WARN_UNUSED_FUNCTION = YES;
				GCC_WARN_UNUSED_VARIABLE = YES;
				IPHONEOS_DEPLOYMENT_TARGET = 9.3;
				MTL_ENABLE_DEBUG_INFO = YES;
				ONLY_ACTIVE_ARCH = YES;
				SDKROOT = iphoneos;
				SWIFT_OPTIMIZATION_LEVEL = "-Onone";
			};
			name = Debug;
		};
		07A305CB1D49575D00158E01 /* Release */ = {
			isa = XCBuildConfiguration;
			buildSettings = {
				ALWAYS_SEARCH_USER_PATHS = NO;
				CLANG_ANALYZER_NONNULL = YES;
				CLANG_CXX_LANGUAGE_STANDARD = "gnu++0x";
				CLANG_CXX_LIBRARY = "libc++";
				CLANG_ENABLE_MODULES = YES;
				CLANG_ENABLE_OBJC_ARC = YES;
				CLANG_WARN_BOOL_CONVERSION = YES;
				CLANG_WARN_CONSTANT_CONVERSION = YES;
				CLANG_WARN_DIRECT_OBJC_ISA_USAGE = YES_ERROR;
				CLANG_WARN_EMPTY_BODY = YES;
				CLANG_WARN_ENUM_CONVERSION = YES;
				CLANG_WARN_INT_CONVERSION = YES;
				CLANG_WARN_OBJC_ROOT_CLASS = YES_ERROR;
				CLANG_WARN_UNREACHABLE_CODE = YES;
				CLANG_WARN__DUPLICATE_METHOD_MATCH = YES;
				"CODE_SIGN_IDENTITY[sdk=iphoneos*]" = "iPhone Developer";
				COPY_PHASE_STRIP = NO;
				DEBUG_INFORMATION_FORMAT = "dwarf-with-dsym";
				ENABLE_NS_ASSERTIONS = NO;
				ENABLE_STRICT_OBJC_MSGSEND = YES;
				GCC_C_LANGUAGE_STANDARD = gnu99;
				GCC_NO_COMMON_BLOCKS = YES;
				GCC_WARN_64_TO_32_BIT_CONVERSION = YES;
				GCC_WARN_ABOUT_RETURN_TYPE = YES_ERROR;
				GCC_WARN_UNDECLARED_SELECTOR = YES;
				GCC_WARN_UNINITIALIZED_AUTOS = YES_AGGRESSIVE;
				GCC_WARN_UNUSED_FUNCTION = YES;
				GCC_WARN_UNUSED_VARIABLE = YES;
				IPHONEOS_DEPLOYMENT_TARGET = 9.3;
				MTL_ENABLE_DEBUG_INFO = NO;
				SDKROOT = iphoneos;
				VALIDATE_PRODUCT = YES;
			};
			name = Release;
		};
		07A305CD1D49575D00158E01 /* Debug */ = {
			isa = XCBuildConfiguration;
			buildSettings = {
				ASSETCATALOG_COMPILER_APPICON_NAME = AppIcon;
				INFOPLIST_FILE = PGAC/Info.plist;
				LD_RUNPATH_SEARCH_PATHS = "$(inherited) @executable_path/Frameworks";
				PRODUCT_BUNDLE_IDENTIFIER = com.pgac.PGAC;
				PRODUCT_NAME = "$(TARGET_NAME)";
			};
			name = Debug;
		};
		07A305CE1D49575D00158E01 /* Release */ = {
			isa = XCBuildConfiguration;
			buildSettings = {
				ASSETCATALOG_COMPILER_APPICON_NAME = AppIcon;
				INFOPLIST_FILE = PGAC/Info.plist;
				LD_RUNPATH_SEARCH_PATHS = "$(inherited) @executable_path/Frameworks";
				PRODUCT_BUNDLE_IDENTIFIER = com.pgac.PGAC;
				PRODUCT_NAME = "$(TARGET_NAME)";
			};
			name = Release;
		};
/* End XCBuildConfiguration section */

/* Begin XCConfigurationList section */
		07A305B51D49575D00158E01 /* Build configuration list for PBXProject "PGAC" */ = {
			isa = XCConfigurationList;
			buildConfigurations = (
				07A305CA1D49575D00158E01 /* Debug */,
				07A305CB1D49575D00158E01 /* Release */,
			);
			defaultConfigurationIsVisible = 0;
			defaultConfigurationName = Release;
		};
		07A305CC1D49575D00158E01 /* Build configuration list for PBXNativeTarget "PGAC" */ = {
			isa = XCConfigurationList;
			buildConfigurations = (
				07A305CD1D49575D00158E01 /* Debug */,
				07A305CE1D49575D00158E01 /* Release */,
			);
			defaultConfigurationIsVisible = 0;
		};
/* End XCConfigurationList section */
	};
	rootObject = 07A305B21D49575D00158E01 /* Project object */;
}
